
Microsoft Visual Studio Solution File, Format Version 12.00
# Visual Studio Version 16
VisualStudioVersion = 16.0.31205.134
MinimumVisualStudioVersion = 10.0.40219.1
Project("{888888A0-9F3D-457C-B088-3A5042F75D52}") = "FourierTransform", "FourierTransform\FourierTransform.pyproj", "{EA6D1699-E2DC-4821-8902-36B7FA9677AF}"
EndProject
Global
	GlobalSection(SolutionConfigurationPlatforms) = preSolution
		Debug|Any CPU = Debug|Any CPU
		Release|Any CPU = Release|Any CPU
	EndGlobalSection
	GlobalSection(ProjectConfigurationPlatforms) = postSolution
		{EA6D1699-E2DC-4821-8902-36B7FA9677AF}.Debug|Any CPU.ActiveCfg = Debug|Any CPU
		{EA6D1699-E2DC-4821-8902-36B7FA9677AF}.Release|Any CPU.ActiveCfg = Release|Any CPU
	EndGlobalSection
	GlobalSection(SolutionProperties) = preSolution
		HideSolutionNode = FALSE
	EndGlobalSection
	GlobalSection(ExtensibilityGlobals) = postSolution
		SolutionGuid = {356CA31F-B62D-4D62-9680-A2F89C99DA06}
	EndGlobalSection
EndGlobal
